# This file was autogenerated by Stack.
# You should not edit this file by hand.
# For more information, please see the documentation at:
#   https://docs.haskellstack.org/en/stable/lock_files

packages:
- completed:
    hackage: cairo-0.13.8.1@sha256:1938aaeb5d3504678d995774dfe870f6b66cbd43d336b692fa8779b23b2b67a9,4075
    pantry-tree:
      size: 2830
      sha256: 8f6344da4c578a4dd3a49c333e2158b695bfae32a74d34a76bbc6e531b70c95c
  original:
    hackage: cairo-0.13.8.1@sha256:1938aaeb5d3504678d995774dfe870f6b66cbd43d336b692fa8779b23b2b67a9,4075
- completed:
    hackage: Chart-cairo-1.9.3@sha256:f484a7194ca08ed67f02aa626e2f8f4d1a9b50624e0d50e3ced62958f7481cca,925
    pantry-tree:
      size: 238
      sha256: 585b99e27718747d3c9a46bf46625774a06d102f77bf9fe8384d278914068ec7
  original:
    hackage: Chart-cairo-1.9.3@sha256:f484a7194ca08ed67f02aa626e2f8f4d1a9b50624e0d50e3ced62958f7481cca,925
- completed:
    hackage: gtk2hs-buildtools-0.13.8.0@sha256:132f38155fc677430a47ea750918973161c876fb6f281d342ac2f07eb99229ce,5238
    pantry-tree:
      size: 3588
      sha256: 4552e3c0f2ef0f16285c38898d7e2b6aeea67d4e37cd203b0c82f70592096c45
  original:
    hackage: gtk2hs-buildtools-0.13.8.0@sha256:132f38155fc677430a47ea750918973161c876fb6f281d342ac2f07eb99229ce,5238
- completed:
    hackage: text-format-0.3.2@sha256:2a3fc17cf87120fcfdbca62a0da59759755549285841cdc1483081c35fb3d115,1814
    pantry-tree:
      size: 1029
      sha256: 2db26ddb77184186e0d5b2b020bdfbeb044c168024767b1fa3691682ca618896
  original:
    hackage: text-format-0.3.2
- completed:
    hackage: Diff-0.3.4@sha256:5ab20a407f9e65d13b642c3cd414906a40280343a31b388f6ed69b9228fe42c1,1127
    pantry-tree:
      size: 416
      sha256: 48d1b942ff99293d69a8ca4ea60f372093e5aeea73f63d11829ceca01d63c7fd
  original:
    hackage: Diff-0.3.4
- completed:
    hackage: liquid-fixpoint-0.8.10.1@sha256:7b40e5d29b72504014fc289bb4807330996c63b37fc33b40a906664c1ea074b1,7291
    pantry-tree:
      size: 14011
      sha256: 6bde6d15104bc05dfcede4eb85469adc333844660ca7f8404eeebe6a6d401065
  original:
    hackage: liquid-fixpoint-0.8.10.1
- completed:
    hackage: liquidhaskell-0.8.10.1@sha256:ee74a1f715de67d649804fcfe0478e87b7940a84c43cda1bdbd0c235f701fd2a,15722
    pantry-tree:
      size: 69381
      sha256: accdcfe6a7df376c9ac99b6e71c0fe5534a504d6fb0756ceae05b9121be979f2
  original:
    hackage: liquidhaskell-0.8.10.1
- completed:
    hackage: liquid-base-4.14.1.0@sha256:5df5cf52b893238e243b48ee647389caa81fbb838c9de26691ded4a3f091c5a3,9066
    pantry-tree:
      size: 14924
      sha256: f5d02ebd3d54536d8fe1074fc727bcd64de2b1666936a70e57c534576d9ff4f2
  original:
    hackage: liquid-base-4.14.1.0
- completed:
    hackage: liquid-ghc-prim-0.6.1@sha256:83ef2d8fb705f31f269ce2b3e05af4333fb77c7083d3a56c25032dffd6dfd7b7,1766
    pantry-tree:
      size: 858
      sha256: b8b0bde3cc45e2e7f3517f24aa8a96e224bfb5cab08df4259cf2a597d9748104
  original:
    hackage: liquid-ghc-prim-0.6.1
snapshots:
- completed:
    size: 554194
    url: https://raw.githubusercontent.com/commercialhaskell/stackage-snapshots/master/nightly/2020/11/23.yaml
    sha256: d4037ffda88f024e83ce3e466d7b612939024f2e5d4895f8af7b4ff96cd7ea68
  original: nightly-2020-11-23
